
Microsoft Visual Studio Solution File, Format Version 11.00
# Visual Studio 2010
Project("{E24C65DC-7377-472B-9ABA-BC803B73C61A}") = "UILayer", "UILayer\", "{B582BE8F-32DE-43D0-9542-116695B60AB7}"
	ProjectSection(WebsiteProperties) = preProject
		TargetFrameworkMoniker = ".NETFramework,Version%3Dv4.0"
		ProjectReferences = "{3C9933DC-CA5E-4D78-B194-3345E8600CD8}|DataObject.dll;{CD8183CD-6EF8-48EF-A152-1153682198A3}|EntityObject.dll;{A2C05111-4FD6-47F4-B686-4BF345A700F6}|Uitlity.dll;"
		Debug.AspNetCompiler.VirtualPath = "/UILayer"
		Debug.AspNetCompiler.PhysicalPath = "UILayer\"
		Debug.AspNetCompiler.TargetPath = "PrecompiledWeb\UILayer\"
		Debug.AspNetCompiler.Updateable = "true"
		Debug.AspNetCompiler.ForceOverwrite = "true"
		Debug.AspNetCompiler.FixedNames = "false"
		Debug.AspNetCompiler.Debug = "True"
		Release.AspNetCompiler.VirtualPath = "/UILayer"
		Release.AspNetCompiler.PhysicalPath = "UILayer\"
		Release.AspNetCompiler.TargetPath = "PrecompiledWeb\UILayer\"
		Release.AspNetCompiler.Updateable = "true"
		Release.AspNetCompiler.ForceOverwrite = "true"
		Release.AspNetCompiler.FixedNames = "false"
		Release.AspNetCompiler.Debug = "False"
		VWDPort = "60646"
	EndProjectSection
EndProject
Project("{FAE04EC0-301F-11D3-BF4B-00C04F79EFBC}") = "DataObject", "DataObject\DataObject.csproj", "{3C9933DC-CA5E-4D78-B194-3345E8600CD8}"
EndProject
Project("{FAE04EC0-301F-11D3-BF4B-00C04F79EFBC}") = "EntityRefObject", "EntityObject\EntityRefObject.csproj", "{CD8183CD-6EF8-48EF-A152-1153682198A3}"
EndProject
Project("{FAE04EC0-301F-11D3-BF4B-00C04F79EFBC}") = "UitlityProc", "Uitlity\UitlityProc.csproj", "{A2C05111-4FD6-47F4-B686-4BF345A700F6}"
EndProject
Project("{FAE04EC0-301F-11D3-BF4B-00C04F79EFBC}") = "EDIConvertor", "EDIConvertor\EDIConvertor.csproj", "{2C69631D-7252-4CFE-9FB1-17FDAA1B1453}"
EndProject
Project("{FAE04EC0-301F-11D3-BF4B-00C04F79EFBC}") = "EDIConvertorExecutable", "EDIConvertorExecutable\EDIConvertorExecutable.csproj", "{0565E862-1410-4FD7-B8A8-156A65115B2B}"
EndProject
Project("{2150E333-8FDC-42A3-9474-1A3956D46DE8}") = "Solution Items", "Solution Items", "{B3EBB184-699B-4125-9C45-BE1F9F0708BA}"
	ProjectSection(SolutionItems) = preProject
		demopage.htm = demopage.htm
	EndProjectSection
EndProject
Project("{FAE04EC0-301F-11D3-BF4B-00C04F79EFBC}") = "EDILibrary", "EDILibrary\EDILibrary.csproj", "{FEC7BC6F-2EAB-4135-9C6C-911E3A68D4BF}"
EndProject
Global
	GlobalSection(SolutionConfigurationPlatforms) = preSolution
		Debug|Any CPU = Debug|Any CPU
		Debug|Mixed Platforms = Debug|Mixed Platforms
		Debug|x86 = Debug|x86
		Release|Any CPU = Release|Any CPU
		Release|Mixed Platforms = Release|Mixed Platforms
		Release|x86 = Release|x86
	EndGlobalSection
	GlobalSection(ProjectConfigurationPlatforms) = postSolution
		{B582BE8F-32DE-43D0-9542-116695B60AB7}.Debug|Any CPU.ActiveCfg = Debug|Any CPU
		{B582BE8F-32DE-43D0-9542-116695B60AB7}.Debug|Any CPU.Build.0 = Debug|Any CPU
		{B582BE8F-32DE-43D0-9542-116695B60AB7}.Debug|Mixed Platforms.ActiveCfg = Debug|Any CPU
		{B582BE8F-32DE-43D0-9542-116695B60AB7}.Debug|Mixed Platforms.Build.0 = Debug|Any CPU
		{B582BE8F-32DE-43D0-9542-116695B60AB7}.Debug|x86.ActiveCfg = Debug|Any CPU
		{B582BE8F-32DE-43D0-9542-116695B60AB7}.Release|Any CPU.ActiveCfg = Debug|Any CPU
		{B582BE8F-32DE-43D0-9542-116695B60AB7}.Release|Any CPU.Build.0 = Debug|Any CPU
		{B582BE8F-32DE-43D0-9542-116695B60AB7}.Release|Mixed Platforms.ActiveCfg = Debug|Any CPU
		{B582BE8F-32DE-43D0-9542-116695B60AB7}.Release|Mixed Platforms.Build.0 = Debug|Any CPU
		{B582BE8F-32DE-43D0-9542-116695B60AB7}.Release|x86.ActiveCfg = Debug|Any CPU
		{3C9933DC-CA5E-4D78-B194-3345E8600CD8}.Debug|Any CPU.ActiveCfg = Debug|Any CPU
		{3C9933DC-CA5E-4D78-B194-3345E8600CD8}.Debug|Any CPU.Build.0 = Debug|Any CPU
		{3C9933DC-CA5E-4D78-B194-3345E8600CD8}.Debug|Mixed Platforms.ActiveCfg = Debug|Any CPU
		{3C9933DC-CA5E-4D78-B194-3345E8600CD8}.Debug|Mixed Platforms.Build.0 = Debug|Any CPU
		{3C9933DC-CA5E-4D78-B194-3345E8600CD8}.Debug|x86.ActiveCfg = Debug|Any CPU
		{3C9933DC-CA5E-4D78-B194-3345E8600CD8}.Release|Any CPU.ActiveCfg = Release|Any CPU
		{3C9933DC-CA5E-4D78-B194-3345E8600CD8}.Release|Any CPU.Build.0 = Release|Any CPU
		{3C9933DC-CA5E-4D78-B194-3345E8600CD8}.Release|Mixed Platforms.ActiveCfg = Release|Any CPU
		{3C9933DC-CA5E-4D78-B194-3345E8600CD8}.Release|Mixed Platforms.Build.0 = Release|Any CPU
		{3C9933DC-CA5E-4D78-B194-3345E8600CD8}.Release|x86.ActiveCfg = Release|Any CPU
		{CD8183CD-6EF8-48EF-A152-1153682198A3}.Debug|Any CPU.ActiveCfg = Debug|Any CPU
		{CD8183CD-6EF8-48EF-A152-1153682198A3}.Debug|Any CPU.Build.0 = Debug|Any CPU
		{CD8183CD-6EF8-48EF-A152-1153682198A3}.Debug|Mixed Platforms.ActiveCfg = Debug|Any CPU
		{CD8183CD-6EF8-48EF-A152-1153682198A3}.Debug|Mixed Platforms.Build.0 = Debug|Any CPU
		{CD8183CD-6EF8-48EF-A152-1153682198A3}.Debug|x86.ActiveCfg = Debug|Any CPU
		{CD8183CD-6EF8-48EF-A152-1153682198A3}.Release|Any CPU.ActiveCfg = Release|Any CPU
		{CD8183CD-6EF8-48EF-A152-1153682198A3}.Release|Any CPU.Build.0 = Release|Any CPU
		{CD8183CD-6EF8-48EF-A152-1153682198A3}.Release|Mixed Platforms.ActiveCfg = Release|Any CPU
		{CD8183CD-6EF8-48EF-A152-1153682198A3}.Release|Mixed Platforms.Build.0 = Release|Any CPU
		{CD8183CD-6EF8-48EF-A152-1153682198A3}.Release|x86.ActiveCfg = Release|Any CPU
		{A2C05111-4FD6-47F4-B686-4BF345A700F6}.Debug|Any CPU.ActiveCfg = Debug|Any CPU
		{A2C05111-4FD6-47F4-B686-4BF345A700F6}.Debug|Any CPU.Build.0 = Debug|Any CPU
		{A2C05111-4FD6-47F4-B686-4BF345A700F6}.Debug|Mixed Platforms.ActiveCfg = Debug|Any CPU
		{A2C05111-4FD6-47F4-B686-4BF345A700F6}.Debug|Mixed Platforms.Build.0 = Debug|Any CPU
		{A2C05111-4FD6-47F4-B686-4BF345A700F6}.Debug|x86.ActiveCfg = Debug|Any CPU
		{A2C05111-4FD6-47F4-B686-4BF345A700F6}.Release|Any CPU.ActiveCfg = Release|Any CPU
		{A2C05111-4FD6-47F4-B686-4BF345A700F6}.Release|Any CPU.Build.0 = Release|Any CPU
		{A2C05111-4FD6-47F4-B686-4BF345A700F6}.Release|Mixed Platforms.ActiveCfg = Release|Any CPU
		{A2C05111-4FD6-47F4-B686-4BF345A700F6}.Release|Mixed Platforms.Build.0 = Release|Any CPU
		{A2C05111-4FD6-47F4-B686-4BF345A700F6}.Release|x86.ActiveCfg = Release|Any CPU
		{2C69631D-7252-4CFE-9FB1-17FDAA1B1453}.Debug|Any CPU.ActiveCfg = Debug|x86
		{2C69631D-7252-4CFE-9FB1-17FDAA1B1453}.Debug|Mixed Platforms.ActiveCfg = Debug|x86
		{2C69631D-7252-4CFE-9FB1-17FDAA1B1453}.Debug|Mixed Platforms.Build.0 = Debug|x86
		{2C69631D-7252-4CFE-9FB1-17FDAA1B1453}.Debug|x86.ActiveCfg = Debug|x86
		{2C69631D-7252-4CFE-9FB1-17FDAA1B1453}.Debug|x86.Build.0 = Debug|x86
		{2C69631D-7252-4CFE-9FB1-17FDAA1B1453}.Release|Any CPU.ActiveCfg = Release|x86
		{2C69631D-7252-4CFE-9FB1-17FDAA1B1453}.Release|Mixed Platforms.ActiveCfg = Release|x86
		{2C69631D-7252-4CFE-9FB1-17FDAA1B1453}.Release|Mixed Platforms.Build.0 = Release|x86
		{2C69631D-7252-4CFE-9FB1-17FDAA1B1453}.Release|x86.ActiveCfg = Release|x86
		{2C69631D-7252-4CFE-9FB1-17FDAA1B1453}.Release|x86.Build.0 = Release|x86
		{0565E862-1410-4FD7-B8A8-156A65115B2B}.Debug|Any CPU.ActiveCfg = Debug|x86
		{0565E862-1410-4FD7-B8A8-156A65115B2B}.Debug|Mixed Platforms.ActiveCfg = Debug|x86
		{0565E862-1410-4FD7-B8A8-156A65115B2B}.Debug|Mixed Platforms.Build.0 = Debug|x86
		{0565E862-1410-4FD7-B8A8-156A65115B2B}.Debug|x86.ActiveCfg = Debug|x86
		{0565E862-1410-4FD7-B8A8-156A65115B2B}.Debug|x86.Build.0 = Debug|x86
		{0565E862-1410-4FD7-B8A8-156A65115B2B}.Release|Any CPU.ActiveCfg = Release|x86
		{0565E862-1410-4FD7-B8A8-156A65115B2B}.Release|Mixed Platforms.ActiveCfg = Release|x86
		{0565E862-1410-4FD7-B8A8-156A65115B2B}.Release|Mixed Platforms.Build.0 = Release|x86
		{0565E862-1410-4FD7-B8A8-156A65115B2B}.Release|x86.ActiveCfg = Release|x86
		{0565E862-1410-4FD7-B8A8-156A65115B2B}.Release|x86.Build.0 = Release|x86
		{FEC7BC6F-2EAB-4135-9C6C-911E3A68D4BF}.Debug|Any CPU.ActiveCfg = Debug|Any CPU
		{FEC7BC6F-2EAB-4135-9C6C-911E3A68D4BF}.Debug|Any CPU.Build.0 = Debug|Any CPU
		{FEC7BC6F-2EAB-4135-9C6C-911E3A68D4BF}.Debug|Mixed Platforms.ActiveCfg = Debug|Any CPU
		{FEC7BC6F-2EAB-4135-9C6C-911E3A68D4BF}.Debug|Mixed Platforms.Build.0 = Debug|Any CPU
		{FEC7BC6F-2EAB-4135-9C6C-911E3A68D4BF}.Debug|x86.ActiveCfg = Debug|Any CPU
		{FEC7BC6F-2EAB-4135-9C6C-911E3A68D4BF}.Release|Any CPU.ActiveCfg = Release|Any CPU
		{FEC7BC6F-2EAB-4135-9C6C-911E3A68D4BF}.Release|Any CPU.Build.0 = Release|Any CPU
		{FEC7BC6F-2EAB-4135-9C6C-911E3A68D4BF}.Release|Mixed Platforms.ActiveCfg = Release|Any CPU
		{FEC7BC6F-2EAB-4135-9C6C-911E3A68D4BF}.Release|Mixed Platforms.Build.0 = Release|Any CPU
		{FEC7BC6F-2EAB-4135-9C6C-911E3A68D4BF}.Release|x86.ActiveCfg = Release|Any CPU
	EndGlobalSection
	GlobalSection(SolutionProperties) = preSolution
		HideSolutionNode = FALSE
	EndGlobalSection
EndGlobal
